// !$*UTF8*$!
{
	archiveVersion = 1;
	classes = {
	};
	objectVersion = 50;
	objects = {

/* Begin PBXBuildFile section */
		CEA62C7D255911D5008A3286 /* AppDelegate.swift in Sources */ = {isa = PBXBuildFile; fileRef = CEA62C7C255911D5008A3286 /* AppDelegate.swift */; };
		CEA62C7F255911D5008A3286 /* SceneDelegate.swift in Sources */ = {isa = PBXBuildFile; fileRef = CEA62C7E255911D5008A3286 /* SceneDelegate.swift */; };
		CEA62C81255911D5008A3286 /* ViewController.swift in Sources */ = {isa = PBXBuildFile; fileRef = CEA62C80255911D5008A3286 /* ViewController.swift */; };
		CEA62C84255911D5008A3286 /* Main.storyboard in Resources */ = {isa = PBXBuildFile; fileRef = CEA62C82255911D5008A3286 /* Main.storyboard */; };
		CEA62C86255911D6008A3286 /* Assets.xcassets in Resources */ = {isa = PBXBuildFile; fileRef = CEA62C85255911D6008A3286 /* Assets.xcassets */; };
		CEA62C89255911D6008A3286 /* LaunchScreen.storyboard in Resources */ = {isa = PBXBuildFile; fileRef = CEA62C87255911D6008A3286 /* LaunchScreen.storyboard */; };
		CEA62C94255911D6008A3286 /* QuizTests.swift in Sources */ = {isa = PBXBuildFile; fileRef = CEA62C93255911D6008A3286 /* QuizTests.swift */; };
		CEA62C9F255911D6008A3286 /* QuizUITests.swift in Sources */ = {isa = PBXBuildFile; fileRef = CEA62C9E255911D6008A3286 /* QuizUITests.swift */; };
/* End PBXBuildFile section */

/* Begin PBXContainerItemProxy section */
		CEA62C90255911D6008A3286 /* PBXContainerItemProxy */ = {
			isa = PBXContainerItemProxy;
			containerPortal = CEA62C71255911D5008A3286 /* Project object */;
			proxyType = 1;
			remoteGlobalIDString = CEA62C78255911D5008A3286;
			remoteInfo = Quiz;
		};
		CEA62C9B255911D6008A3286 /* PBXContainerItemProxy */ = {
			isa = PBXContainerItemProxy;
			containerPortal = CEA62C71255911D5008A3286 /* Project object */;
			proxyType = 1;
			remoteGlobalIDString = CEA62C78255911D5008A3286;
			remoteInfo = Quiz;
		};
/* End PBXContainerItemProxy section */

/* Begin PBXFileReference section */
		CEA62C79255911D5008A3286 /* Quiz.app */ = {isa = PBXFileReference; explicitFileType = wrapper.application; includeInIndex = 0; path = Quiz.app; sourceTree = BUILT_PRODUCTS_DIR; };
		CEA62C7C255911D5008A3286 /* AppDelegate.swift */ = {isa = PBXFileReference; lastKnownFileType = sourcecode.swift; path = AppDelegate.swift; sourceTree = "<group>"; };
		CEA62C7E255911D5008A3286 /* SceneDelegate.swift */ = {isa = PBXFileReference; lastKnownFileType = sourcecode.swift; path = SceneDelegate.swift; sourceTree = "<group>"; };
		CEA62C80255911D5008A3286 /* ViewController.swift */ = {isa = PBXFileReference; lastKnownFileType = sourcecode.swift; path = ViewController.swift; sourceTree = "<group>"; };
		CEA62C83255911D5008A3286 /* Base */ = {isa = PBXFileReference; lastKnownFileType = file.storyboard; name = Base; path = Base.lproj/Main.storyboard; sourceTree = "<group>"; };
		CEA62C85255911D6008A3286 /* Assets.xcassets */ = {isa = PBXFileReference; lastKnownFileType = folder.assetcatalog; path = Assets.xcassets; sourceTree = "<group>"; };
		CEA62C88255911D6008A3286 /* Base */ = {isa = PBXFileReference; lastKnownFileType = file.storyboard; name = Base; path = Base.lproj/LaunchScreen.storyboard; sourceTree = "<group>"; };
		CEA62C8A255911D6008A3286 /* Info.plist */ = {isa = PBXFileReference; lastKnownFileType = text.plist.xml; path = Info.plist; sourceTree = "<group>"; };
		CEA62C8F255911D6008A3286 /* QuizTests.xctest */ = {isa = PBXFileReference; explicitFileType = wrapper.cfbundle; includeInIndex = 0; path = QuizTests.xctest; sourceTree = BUILT_PRODUCTS_DIR; };
		CEA62C93255911D6008A3286 /* QuizTests.swift */ = {isa = PBXFileReference; lastKnownFileType = sourcecode.swift; path = QuizTests.swift; sourceTree = "<group>"; };
		CEA62C95255911D6008A3286 /* Info.plist */ = {isa = PBXFileReference; lastKnownFileType = text.plist.xml; path = Info.plist; sourceTree = "<group>"; };
		CEA62C9A255911D6008A3286 /* QuizUITests.xctest */ = {isa = PBXFileReference; explicitFileType = wrapper.cfbundle; includeInIndex = 0; path = QuizUITests.xctest; sourceTree = BUILT_PRODUCTS_DIR; };
		CEA62C9E255911D6008A3286 /* QuizUITests.swift */ = {isa = PBXFileReference; lastKnownFileType = sourcecode.swift; path = QuizUITests.swift; sourceTree = "<group>"; };
		CEA62CA0255911D6008A3286 /* Info.plist */ = {isa = PBXFileReference; lastKnownFileType = text.plist.xml; path = Info.plist; sourceTree = "<group>"; };
/* End PBXFileReference section */

/* Begin PBXFrameworksBuildPhase section */
		CEA62C76255911D5008A3286 /* Frameworks */ = {
			isa = PBXFrameworksBuildPhase;
			buildActionMask = 2147483647;
			files = (
			);
			runOnlyForDeploymentPostprocessing = 0;
		};
		CEA62C8C255911D6008A3286 /* Frameworks */ = {
			isa = PBXFrameworksBuildPhase;
			buildActionMask = 2147483647;
			files = (
			);
			runOnlyForDeploymentPostprocessing = 0;
		};
		CEA62C97255911D6008A3286 /* Frameworks */ = {
			isa = PBXFrameworksBuildPhase;
			buildActionMask = 2147483647;
			files = (
			);
			runOnlyForDeploymentPostprocessing = 0;
		};
/* End PBXFrameworksBuildPhase section */

/* Begin PBXGroup section */
		CEA62C70255911D5008A3286 = {
			isa = PBXGroup;
			children = (
				CEA62C7B255911D5008A3286 /* Quiz */,
				CEA62C92255911D6008A3286 /* QuizTests */,
				CEA62C9D255911D6008A3286 /* QuizUITests */,
				CEA62C7A255911D5008A3286 /* Products */,
			);
			sourceTree = "<group>";
		};
		CEA62C7A255911D5008A3286 /* Products */ = {
			isa = PBXGroup;
			children = (
				CEA62C79255911D5008A3286 /* Quiz.app */,
				CEA62C8F255911D6008A3286 /* QuizTests.xctest */,
				CEA62C9A255911D6008A3286 /* QuizUITests.xctest */,
			);
			name = Products;
			sourceTree = "<group>";
		};
		CEA62C7B255911D5008A3286 /* Quiz */ = {
			isa = PBXGroup;
			children = (
				CEA62C7C255911D5008A3286 /* AppDelegate.swift */,
				CEA62C7E255911D5008A3286 /* SceneDelegate.swift */,
				CEA62C80255911D5008A3286 /* ViewController.swift */,
				CEA62C82255911D5008A3286 /* Main.storyboard */,
				CEA62C85255911D6008A3286 /* Assets.xcassets */,
				CEA62C87255911D6008A3286 /* LaunchScreen.storyboard */,
				CEA62C8A255911D6008A3286 /* Info.plist */,
			);
			path = Quiz;
			sourceTree = "<group>";
		};
		CEA62C92255911D6008A3286 /* QuizTests */ = {
			isa = PBXGroup;
			children = (
				CEA62C93255911D6008A3286 /* QuizTests.swift */,
				CEA62C95255911D6008A3286 /* Info.plist */,
			);
			path = QuizTests;
			sourceTree = "<group>";
		};
		CEA62C9D255911D6008A3286 /* QuizUITests */ = {
			isa = PBXGroup;
			children = (
				CEA62C9E255911D6008A3286 /* QuizUITests.swift */,
				CEA62CA0255911D6008A3286 /* Info.plist */,
			);
			path = QuizUITests;
			sourceTree = "<group>";
		};
/* End PBXGroup section */

/* Begin PBXNativeTarget section */
		CEA62C78255911D5008A3286 /* Quiz */ = {
			isa = PBXNativeTarget;
			buildConfigurationList = CEA62CA3255911D6008A3286 /* Build configuration list for PBXNativeTarget "Quiz" */;
			buildPhases = (
				CEA62C75255911D5008A3286 /* Sources */,
				CEA62C76255911D5008A3286 /* Frameworks */,
				CEA62C77255911D5008A3286 /* Resources */,
			);
			buildRules = (
			);
			dependencies = (
			);
			name = Quiz;
			productName = Quiz;
			productReference = CEA62C79255911D5008A3286 /* Quiz.app */;
			productType = "com.apple.product-type.application";
		};
		CEA62C8E255911D6008A3286 /* QuizTests */ = {
			isa = PBXNativeTarget;
			buildConfigurationList = CEA62CA6255911D6008A3286 /* Build configuration list for PBXNativeTarget "QuizTests" */;
			buildPhases = (
				CEA62C8B255911D6008A3286 /* Sources */,
				CEA62C8C255911D6008A3286 /* Frameworks */,
				CEA62C8D255911D6008A3286 /* Resources */,
			);
			buildRules = (
			);
			dependencies = (
				CEA62C91255911D6008A3286 /* PBXTargetDependency */,
			);
			name = QuizTests;
			productName = QuizTests;
			productReference = CEA62C8F255911D6008A3286 /* QuizTests.xctest */;
			productType = "com.apple.product-type.bundle.unit-test";
		};
		CEA62C99255911D6008A3286 /* QuizUITests */ = {
			isa = PBXNativeTarget;
			buildConfigurationList = CEA62CA9255911D6008A3286 /* Build configuration list for PBXNativeTarget "QuizUITests" */;
			buildPhases = (
				CEA62C96255911D6008A3286 /* Sources */,
				CEA62C97255911D6008A3286 /* Frameworks */,
				CEA62C98255911D6008A3286 /* Resources */,
			);
			buildRules = (
			);
			dependencies = (
				CEA62C9C255911D6008A3286 /* PBXTargetDependency */,
			);
			name = QuizUITests;
			productName = QuizUITests;
			productReference = CEA62C9A255911D6008A3286 /* QuizUITests.xctest */;
			productType = "com.apple.product-type.bundle.ui-testing";
		};
/* End PBXNativeTarget section */

/* Begin PBXProject section */
		CEA62C71255911D5008A3286 /* Project object */ = {
			isa = PBXProject;
			attributes = {
				LastSwiftUpdateCheck = 1210;
				LastUpgradeCheck = 1210;
				TargetAttributes = {
					CEA62C78255911D5008A3286 = {
						CreatedOnToolsVersion = 12.1;
					};
					CEA62C8E255911D6008A3286 = {
						CreatedOnToolsVersion = 12.1;
						TestTargetID = CEA62C78255911D5008A3286;
					};
					CEA62C99255911D6008A3286 = {
						CreatedOnToolsVersion = 12.1;
						TestTargetID = CEA62C78255911D5008A3286;
					};
				};
			};
			buildConfigurationList = CEA62C74255911D5008A3286 /* Build configuration list for PBXProject "Quiz" */;
			compatibilityVersion = "Xcode 9.3";
			developmentRegion = en;
			hasScannedForEncodings = 0;
			knownRegions = (
				en,
				Base,
			);
			mainGroup = CEA62C70255911D5008A3286;
			productRefGroup = CEA62C7A255911D5008A3286 /* Products */;
			projectDirPath = "";
			projectRoot = "";
			targets = (
				CEA62C78255911D5008A3286 /* Quiz */,
				CEA62C8E255911D6008A3286 /* QuizTests */,
				CEA62C99255911D6008A3286 /* QuizUITests */,
			);
		};
/* End PBXProject section */

/* Begin PBXResourcesBuildPhase section */
		CEA62C77255911D5008A3286 /* Resources */ = {
			isa = PBXResourcesBuildPhase;
			buildActionMask = 2147483647;
			files = (
				CEA62C89255911D6008A3286 /* LaunchScreen.storyboard in Resources */,
				CEA62C86255911D6008A3286 /* Assets.xcassets in Resources */,
				CEA62C84255911D5008A3286 /* Main.storyboard in Resources */,
			);
			runOnlyForDeploymentPostprocessing = 0;
		};
		CEA62C8D255911D6008A3286 /* Resources */ = {
			isa = PBXResourcesBuildPhase;
			buildActionMask = 2147483647;
			files = (
			);
			runOnlyForDeploymentPostprocessing = 0;
		};
		CEA62C98255911D6008A3286 /* Resources */ = {
			isa = PBXResourcesBuildPhase;
			buildActionMask = 2147483647;
			files = (
			);
			runOnlyForDeploymentPostprocessing = 0;
		};
/* End PBXResourcesBuildPhase section */

/* Begin PBXSourcesBuildPhase section */
		CEA62C75255911D5008A3286 /* Sources */ = {
			isa = PBXSourcesBuildPhase;
			buildActionMask = 2147483647;
			files = (
				CEA62C81255911D5008A3286 /* ViewController.swift in Sources */,
				CEA62C7D255911D5008A3286 /* AppDelegate.swift in Sources */,
				CEA62C7F255911D5008A3286 /* SceneDelegate.swift in Sources */,
			);
			runOnlyForDeploymentPostprocessing = 0;
		};
		CEA62C8B255911D6008A3286 /* Sources */ = {
			isa = PBXSourcesBuildPhase;
			buildActionMask = 2147483647;
			files = (
				CEA62C94255911D6008A3286 /* QuizTests.swift in Sources */,
			);
			runOnlyForDeploymentPostprocessing = 0;
		};
		CEA62C96255911D6008A3286 /* Sources */ = {
			isa = PBXSourcesBuildPhase;
			buildActionMask = 2147483647;
			files = (
				CEA62C9F255911D6008A3286 /* QuizUITests.swift in Sources */,
			);
			runOnlyForDeploymentPostprocessing = 0;
		};
/* End PBXSourcesBuildPhase section */

/* Begin PBXTargetDependency section */
		CEA62C91255911D6008A3286 /* PBXTargetDependency */ = {
			isa = PBXTargetDependency;
			target = CEA62C78255911D5008A3286 /* Quiz */;
			targetProxy = CEA62C90255911D6008A3286 /* PBXContainerItemProxy */;
		};
		CEA62C9C255911D6008A3286 /* PBXTargetDependency */ = {
			isa = PBXTargetDependency;
			target = CEA62C78255911D5008A3286 /* Quiz */;
			targetProxy = CEA62C9B255911D6008A3286 /* PBXContainerItemProxy */;
		};
/* End PBXTargetDependency section */

/* Begin PBXVariantGroup section */
		CEA62C82255911D5008A3286 /* Main.storyboard */ = {
			isa = PBXVariantGroup;
			children = (
				CEA62C83255911D5008A3286 /* Base */,
			);
			name = Main.storyboard;
			sourceTree = "<group>";
		};
		CEA62C87255911D6008A3286 /* LaunchScreen.storyboard */ = {
			isa = PBXVariantGroup;
			children = (
				CEA62C88255911D6008A3286 /* Base */,
			);
			name = LaunchScreen.storyboard;
			sourceTree = "<group>";
		};
/* End PBXVariantGroup section */

/* Begin XCBuildConfiguration section */
		CEA62CA1255911D6008A3286 /* Debug */ = {
			isa = XCBuildConfiguration;
			buildSettings = {
				ALWAYS_SEARCH_USER_PATHS = NO;
				CLANG_ANALYZER_NONNULL = YES;
				CLANG_ANALYZER_NUMBER_OBJECT_CONVERSION = YES_AGGRESSIVE;
				CLANG_CXX_LANGUAGE_STANDARD = "gnu++14";
				CLANG_CXX_LIBRARY = "libc++";
				CLANG_ENABLE_MODULES = YES;
				CLANG_ENABLE_OBJC_ARC = YES;
				CLANG_ENABLE_OBJC_WEAK = YES;
				CLANG_WARN_BLOCK_CAPTURE_AUTORELEASING = YES;
				CLANG_WARN_BOOL_CONVERSION = YES;
				CLANG_WARN_COMMA = YES;
				CLANG_WARN_CONSTANT_CONVERSION = YES;
				CLANG_WARN_DEPRECATED_OBJC_IMPLEMENTATIONS = YES;
				CLANG_WARN_DIRECT_OBJC_ISA_USAGE = YES_ERROR;
				CLANG_WARN_DOCUMENTATION_COMMENTS = YES;
				CLANG_WARN_EMPTY_BODY = YES;
				CLANG_WARN_ENUM_CONVERSION = YES;
				CLANG_WARN_INFINITE_RECURSION = YES;
				CLANG_WARN_INT_CONVERSION = YES;
				CLANG_WARN_NON_LITERAL_NULL_CONVERSION = YES;
				CLANG_WARN_OBJC_IMPLICIT_RETAIN_SELF = YES;
				CLANG_WARN_OBJC_LITERAL_CONVERSION = YES;
				CLANG_WARN_OBJC_ROOT_CLASS = YES_ERROR;
				CLANG_WARN_QUOTED_INCLUDE_IN_FRAMEWORK_HEADER = YES;
				CLANG_WARN_RANGE_LOOP_ANALYSIS = YES;
				CLANG_WARN_STRICT_PROTOTYPES = YES;
				CLANG_WARN_SUSPICIOUS_MOVE = YES;
				CLANG_WARN_UNGUARDED_AVAILABILITY = YES_AGGRESSIVE;
				CLANG_WARN_UNREACHABLE_CODE = YES;
				CLANG_WARN__DUPLICATE_METHOD_MATCH = YES;
				COPY_PHASE_STRIP = NO;
				DEBUG_INFORMATION_FORMAT = dwarf;
				ENABLE_STRICT_OBJC_MSGSEND = YES;
				ENABLE_TESTABILITY = YES;
				GCC_C_LANGUAGE_STANDARD = gnu11;
				GCC_DYNAMIC_NO_PIC = NO;
				GCC_NO_COMMON_BLOCKS = YES;
				GCC_OPTIMIZATION_LEVEL = 0;
				GCC_PREPROCESSOR_DEFINITIONS = (
					"DEBUG=1",
					"$(inherited)",
				);
				GCC_WARN_64_TO_32_BIT_CONVERSION = YES;
				GCC_WARN_ABOUT_RETURN_TYPE = YES_ERROR;
				GCC_WARN_UNDECLARED_SELECTOR = YES;
				GCC_WARN_UNINITIALIZED_AUTOS = YES_AGGRESSIVE;
				GCC_WARN_UNUSED_FUNCTION = YES;
				GCC_WARN_UNUSED_VARIABLE = YES;
				IPHONEOS_DEPLOYMENT_TARGET = 14.1;
				MTL_ENABLE_DEBUG_INFO = INCLUDE_SOURCE;
				MTL_FAST_MATH = YES;
				ONLY_ACTIVE_ARCH = YES;
				SDKROOT = iphoneos;
				SWIFT_ACTIVE_COMPILATION_CONDITIONS = DEBUG;
				SWIFT_OPTIMIZATION_LEVEL = "-Onone";
			};
			name = Debug;
		};
		CEA62CA2255911D6008A3286 /* Release */ = {
			isa = XCBuildConfiguration;
			buildSettings = {
				ALWAYS_SEARCH_USER_PATHS = NO;
				CLANG_ANALYZER_NONNULL = YES;
				CLANG_ANALYZER_NUMBER_OBJECT_CONVERSION = YES_AGGRESSIVE;
				CLANG_CXX_LANGUAGE_STANDARD = "gnu++14";
				CLANG_CXX_LIBRARY = "libc++";
				CLANG_ENABLE_MODULES = YES;
				CLANG_ENABLE_OBJC_ARC = YES;
				CLANG_ENABLE_OBJC_WEAK = YES;
				CLANG_WARN_BLOCK_CAPTURE_AUTORELEASING = YES;
				CLANG_WARN_BOOL_CONVERSION = YES;
				CLANG_WARN_COMMA = YES;
				CLANG_WARN_CONSTANT_CONVERSION = YES;
				CLANG_WARN_DEPRECATED_OBJC_IMPLEMENTATIONS = YES;
				CLANG_WARN_DIRECT_OBJC_ISA_USAGE = YES_ERROR;
				CLANG_WARN_DOCUMENTATION_COMMENTS = YES;
				CLANG_WARN_EMPTY_BODY = YES;
				CLANG_WARN_ENUM_CONVERSION = YES;
				CLANG_WARN_INFINITE_RECURSION = YES;
				CLANG_WARN_INT_CONVERSION = YES;
				CLANG_WARN_NON_LITERAL_NULL_CONVERSION = YES;
				CLANG_WARN_OBJC_IMPLICIT_RETAIN_SELF = YES;
				CLANG_WARN_OBJC_LITERAL_CONVERSION = YES;
				CLANG_WARN_OBJC_ROOT_CLASS = YES_ERROR;
				CLANG_WARN_QUOTED_INCLUDE_IN_FRAMEWORK_HEADER = YES;
				CLANG_WARN_RANGE_LOOP_ANALYSIS = YES;
				CLANG_WARN_STRICT_PROTOTYPES = YES;
				CLANG_WARN_SUSPICIOUS_MOVE = YES;
				CLANG_WARN_UNGUARDED_AVAILABILITY = YES_AGGRESSIVE;
				CLANG_WARN_UNREACHABLE_CODE = YES;
				CLANG_WARN__DUPLICATE_METHOD_MATCH = YES;
				COPY_PHASE_STRIP = NO;
				DEBUG_INFORMATION_FORMAT = "dwarf-with-dsym";
				ENABLE_NS_ASSERTIONS = NO;
				ENABLE_STRICT_OBJC_MSGSEND = YES;
				GCC_C_LANGUAGE_STANDARD = gnu11;
				GCC_NO_COMMON_BLOCKS = YES;
				GCC_WARN_64_TO_32_BIT_CONVERSION = YES;
				GCC_WARN_ABOUT_RETURN_TYPE = YES_ERROR;
				GCC_WARN_UNDECLARED_SELECTOR = YES;
				GCC_WARN_UNINITIALIZED_AUTOS = YES_AGGRESSIVE;
				GCC_WARN_UNUSED_FUNCTION = YES;
				GCC_WARN_UNUSED_VARIABLE = YES;
				IPHONEOS_DEPLOYMENT_TARGET = 14.1;
				MTL_ENABLE_DEBUG_INFO = NO;
				MTL_FAST_MATH = YES;
				SDKROOT = iphoneos;
				SWIFT_COMPILATION_MODE = wholemodule;
				SWIFT_OPTIMIZATION_LEVEL = "-O";
				VALIDATE_PRODUCT = YES;
			};
			name = Release;
		};
		CEA62CA4255911D6008A3286 /* Debug */ = {
			isa = XCBuildConfiguration;
			buildSettings = {
				ASSETCATALOG_COMPILER_APPICON_NAME = AppIcon;
				ASSETCATALOG_COMPILER_GLOBAL_ACCENT_COLOR_NAME = AccentColor;
				CODE_SIGN_STYLE = Automatic;
				INFOPLIST_FILE = Quiz/Info.plist;
				LD_RUNPATH_SEARCH_PATHS = (
					"$(inherited)",
					"@executable_path/Frameworks",
				);
				PRODUCT_BUNDLE_IDENTIFIER = nadyaka.Quiz;
				PRODUCT_NAME = "$(TARGET_NAME)";
				SWIFT_VERSION = 5.0;
				TARGETED_DEVICE_FAMILY = "1,2";
			};
			name = Debug;
		};
		CEA62CA5255911D6008A3286 /* Release */ = {
			isa = XCBuildConfiguration;
			buildSettings = {
				ASSETCATALOG_COMPILER_APPICON_NAME = AppIcon;
				ASSETCATALOG_COMPILER_GLOBAL_ACCENT_COLOR_NAME = AccentColor;
				CODE_SIGN_STYLE = Automatic;
				INFOPLIST_FILE = Quiz/Info.plist;
				LD_RUNPATH_SEARCH_PATHS = (
					"$(inherited)",
					"@executable_path/Frameworks",
				);
				PRODUCT_BUNDLE_IDENTIFIER = nadyaka.Quiz;
				PRODUCT_NAME = "$(TARGET_NAME)";
				SWIFT_VERSION = 5.0;
				TARGETED_DEVICE_FAMILY = "1,2";
			};
			name = Release;
		};
		CEA62CA7255911D6008A3286 /* Debug */ = {
			isa = XCBuildConfiguration;
			buildSettings = {
				ALWAYS_EMBED_SWIFT_STANDARD_LIBRARIES = YES;
				BUNDLE_LOADER = "$(TEST_HOST)";
				CODE_SIGN_STYLE = Automatic;
				INFOPLIST_FILE = QuizTests/Info.plist;
				IPHONEOS_DEPLOYMENT_TARGET = 14.1;
				LD_RUNPATH_SEARCH_PATHS = (
					"$(inherited)",
					"@executable_path/Frameworks",
					"@loader_path/Frameworks",
				);
				PRODUCT_BUNDLE_IDENTIFIER = nadyaka.QuizTests;
				PRODUCT_NAME = "$(TARGET_NAME)";
				SWIFT_VERSION = 5.0;
				TARGETED_DEVICE_FAMILY = "1,2";
				TEST_HOST = "$(BUILT_PRODUCTS_DIR)/Quiz.app/Quiz";
			};
			name = Debug;
		};
		CEA62CA8255911D6008A3286 /* Release */ = {
			isa = XCBuildConfiguration;
			buildSettings = {
				ALWAYS_EMBED_SWIFT_STANDARD_LIBRARIES = YES;
				BUNDLE_LOADER = "$(TEST_HOST)";
				CODE_SIGN_STYLE = Automatic;
				INFOPLIST_FILE = QuizTests/Info.plist;
				IPHONEOS_DEPLOYMENT_TARGET = 14.1;
				LD_RUNPATH_SEARCH_PATHS = (
					"$(inherited)",
					"@executable_path/Frameworks",
					"@loader_path/Frameworks",
				);
				PRODUCT_BUNDLE_IDENTIFIER = nadyaka.QuizTests;
				PRODUCT_NAME = "$(TARGET_NAME)";
				SWIFT_VERSION = 5.0;
				TARGETED_DEVICE_FAMILY = "1,2";
				TEST_HOST = "$(BUILT_PRODUCTS_DIR)/Quiz.app/Quiz";
			};
			name = Release;
		};
		CEA62CAA255911D6008A3286 /* Debug */ = {
			isa = XCBuildConfiguration;
			buildSettings = {
				ALWAYS_EMBED_SWIFT_STANDARD_LIBRARIES = YES;
				CODE_SIGN_STYLE = Automatic;
				INFOPLIST_FILE = QuizUITests/Info.plist;
				LD_RUNPATH_SEARCH_PATHS = (
					"$(inherited)",
					"@executable_path/Frameworks",
					"@loader_path/Frameworks",
				);
				PRODUCT_BUNDLE_IDENTIFIER = nadyaka.QuizUITests;
				PRODUCT_NAME = "$(TARGET_NAME)";
				SWIFT_VERSION = 5.0;
				TARGETED_DEVICE_FAMILY = "1,2";
				TEST_TARGET_NAME = Quiz;
			};
			name = Debug;
		};
		CEA62CAB255911D6008A3286 /* Release */ = {
			isa = XCBuildConfiguration;
			buildSettings = {
				ALWAYS_EMBED_SWIFT_STANDARD_LIBRARIES = YES;
				CODE_SIGN_STYLE = Automatic;
				INFOPLIST_FILE = QuizUITests/Info.plist;
				LD_RUNPATH_SEARCH_PATHS = (
					"$(inherited)",
					"@executable_path/Frameworks",
					"@loader_path/Frameworks",
				);
				PRODUCT_BUNDLE_IDENTIFIER = nadyaka.QuizUITests;
				PRODUCT_NAME = "$(TARGET_NAME)";
				SWIFT_VERSION = 5.0;
				TARGETED_DEVICE_FAMILY = "1,2";
				TEST_TARGET_NAME = Quiz;
			};
			name = Release;
		};
/* End XCBuildConfiguration section */

/* Begin XCConfigurationList section */
		CEA62C74255911D5008A3286 /* Build configuration list for PBXProject "Quiz" */ = {
			isa = XCConfigurationList;
			buildConfigurations = (
				CEA62CA1255911D6008A3286 /* Debug */,
				CEA62CA2255911D6008A3286 /* Release */,
			);
			defaultConfigurationIsVisible = 0;
			defaultConfigurationName = Release;
		};
		CEA62CA3255911D6008A3286 /* Build configuration list for PBXNativeTarget "Quiz" */ = {
			isa = XCConfigurationList;
			buildConfigurations = (
				CEA62CA4255911D6008A3286 /* Debug */,
				CEA62CA5255911D6008A3286 /* Release */,
			);
			defaultConfigurationIsVisible = 0;
			defaultConfigurationName = Release;
		};
		CEA62CA6255911D6008A3286 /* Build configuration list for PBXNativeTarget "QuizTests" */ = {
			isa = XCConfigurationList;
			buildConfigurations = (
				CEA62CA7255911D6008A3286 /* Debug */,
				CEA62CA8255911D6008A3286 /* Release */,
			);
			defaultConfigurationIsVisible = 0;
			defaultConfigurationName = Release;
		};
		CEA62CA9255911D6008A3286 /* Build configuration list for PBXNativeTarget "QuizUITests" */ = {
			isa = XCConfigurationList;
			buildConfigurations = (
				CEA62CAA255911D6008A3286 /* Debug */,
				CEA62CAB255911D6008A3286 /* Release */,
			);
			defaultConfigurationIsVisible = 0;
			defaultConfigurationName = Release;
		};
/* End XCConfigurationList section */
	};
	rootObject = CEA62C71255911D5008A3286 /* Project object */;
}
